// !$*UTF8*$!
{
	archiveVersion = 1;
	classes = {
	};
	objectVersion = 46;
	objects = {

/* Begin PBXBuildFile section */
		684937931E5AF74D00F057E4 /* main.m in Sources */ = {isa = PBXBuildFile; fileRef = 684937921E5AF74D00F057E4 /* main.m */; };
		684937961E5AF74D00F057E4 /* AppDelegate.m in Sources */ = {isa = PBXBuildFile; fileRef = 684937951E5AF74D00F057E4 /* AppDelegate.m */; };
		684937991E5AF74D00F057E4 /* ViewController.m in Sources */ = {isa = PBXBuildFile; fileRef = 684937981E5AF74D00F057E4 /* ViewController.m */; };
		6849379C1E5AF74D00F057E4 /* Main.storyboard in Resources */ = {isa = PBXBuildFile; fileRef = 6849379A1E5AF74D00F057E4 /* Main.storyboard */; };
		6849379E1E5AF74D00F057E4 /* Assets.xcassets in Resources */ = {isa = PBXBuildFile; fileRef = 6849379D1E5AF74D00F057E4 /* Assets.xcassets */; };
		684937A11E5AF74D00F057E4 /* LaunchScreen.storyboard in Resources */ = {isa = PBXBuildFile; fileRef = 6849379F1E5AF74D00F057E4 /* LaunchScreen.storyboard */; };
		684937AC1E5AF74D00F057E4 /* TXCollectionViewTests.m in Sources */ = {isa = PBXBuildFile; fileRef = 684937AB1E5AF74D00F057E4 /* TXCollectionViewTests.m */; };
		684937B71E5AF74D00F057E4 /* TXCollectionViewUITests.m in Sources */ = {isa = PBXBuildFile; fileRef = 684937B61E5AF74D00F057E4 /* TXCollectionViewUITests.m */; };
		684937F31E5C174000F057E4 /* TXDataSource.m in Sources */ = {isa = PBXBuildFile; fileRef = 684937F21E5C174000F057E4 /* TXDataSource.m */; };
		6849381B1E5C1F1600F057E4 /* UIScrollView+DataSourceAdapter.m in Sources */ = {isa = PBXBuildFile; fileRef = 684938121E5C1F1600F057E4 /* UIScrollView+DataSourceAdapter.m */; };
		6849381E1E5C1F1600F057E4 /* TXDataSourceTypes.m in Sources */ = {isa = PBXBuildFile; fileRef = 6849381A1E5C1F1600F057E4 /* TXDataSourceTypes.m */; };
		684938281E5C209700F057E4 /* TXSingleLineCollectionView.m in Sources */ = {isa = PBXBuildFile; fileRef = 684938271E5C209700F057E4 /* TXSingleLineCollectionView.m */; };
		684938301E5C2B4D00F057E4 /* UICollectionView+Adapter.m in Sources */ = {isa = PBXBuildFile; fileRef = 6849382F1E5C2B4D00F057E4 /* UICollectionView+Adapter.m */; };
		68FFC65D1E5FD8F4009705BB /* TXCollectionViewCell.m in Sources */ = {isa = PBXBuildFile; fileRef = 68FFC6581E5FD8F4009705BB /* TXCollectionViewCell.m */; };
		68FFC65E1E5FD8F4009705BB /* TXCollectionViewArrayDataSource.m in Sources */ = {isa = PBXBuildFile; fileRef = 68FFC65C1E5FD8F4009705BB /* TXCollectionViewArrayDataSource.m */; };
		68FFC6621E5FDA99009705BB /* TXDataSourceCellAdapterPOD+CollectionView.m in Sources */ = {isa = PBXBuildFile; fileRef = 68FFC6611E5FDA99009705BB /* TXDataSourceCellAdapterPOD+CollectionView.m */; };
		68FFC6671E5FDB0D009705BB /* TXDataSourceCellAdapterPOD+TableView.m in Sources */ = {isa = PBXBuildFile; fileRef = 68FFC6661E5FDB0D009705BB /* TXDataSourceCellAdapterPOD+TableView.m */; };
		68FFC6761E5FE218009705BB /* TXArrayDataSource.m in Sources */ = {isa = PBXBuildFile; fileRef = 68FFC66E1E5FE218009705BB /* TXArrayDataSource.m */; };
		68FFC67C1E5FE29C009705BB /* TXDataSourceItem.m in Sources */ = {isa = PBXBuildFile; fileRef = 68FFC67B1E5FE29C009705BB /* TXDataSourceItem.m */; };
		68FFC6801E5FE410009705BB /* TXDataSourceCellAdapter.m in Sources */ = {isa = PBXBuildFile; fileRef = 68FFC67F1E5FE410009705BB /* TXDataSourceCellAdapter.m */; };
/* End PBXBuildFile section */

/* Begin PBXContainerItemProxy section */
		684937A81E5AF74D00F057E4 /* PBXContainerItemProxy */ = {
			isa = PBXContainerItemProxy;
			containerPortal = 684937861E5AF74D00F057E4 /* Project object */;
			proxyType = 1;
			remoteGlobalIDString = 6849378D1E5AF74D00F057E4;
			remoteInfo = TXCollectionView;
		};
		684937B31E5AF74D00F057E4 /* PBXContainerItemProxy */ = {
			isa = PBXContainerItemProxy;
			containerPortal = 684937861E5AF74D00F057E4 /* Project object */;
			proxyType = 1;
			remoteGlobalIDString = 6849378D1E5AF74D00F057E4;
			remoteInfo = TXCollectionView;
		};
/* End PBXContainerItemProxy section */

/* Begin PBXFileReference section */
		6849378E1E5AF74D00F057E4 /* TXCollectionView.app */ = {isa = PBXFileReference; explicitFileType = wrapper.application; includeInIndex = 0; path = TXCollectionView.app; sourceTree = BUILT_PRODUCTS_DIR; };
		684937921E5AF74D00F057E4 /* main.m */ = {isa = PBXFileReference; lastKnownFileType = sourcecode.c.objc; path = main.m; sourceTree = "<group>"; };
		684937941E5AF74D00F057E4 /* AppDelegate.h */ = {isa = PBXFileReference; lastKnownFileType = sourcecode.c.h; path = AppDelegate.h; sourceTree = "<group>"; };
		684937951E5AF74D00F057E4 /* AppDelegate.m */ = {isa = PBXFileReference; lastKnownFileType = sourcecode.c.objc; path = AppDelegate.m; sourceTree = "<group>"; };
		684937971E5AF74D00F057E4 /* ViewController.h */ = {isa = PBXFileReference; lastKnownFileType = sourcecode.c.h; path = ViewController.h; sourceTree = "<group>"; };
		684937981E5AF74D00F057E4 /* ViewController.m */ = {isa = PBXFileReference; lastKnownFileType = sourcecode.c.objc; path = ViewController.m; sourceTree = "<group>"; };
		6849379B1E5AF74D00F057E4 /* Base */ = {isa = PBXFileReference; lastKnownFileType = file.storyboard; name = Base; path = Base.lproj/Main.storyboard; sourceTree = "<group>"; };
		6849379D1E5AF74D00F057E4 /* Assets.xcassets */ = {isa = PBXFileReference; lastKnownFileType = folder.assetcatalog; path = Assets.xcassets; sourceTree = "<group>"; };
		684937A01E5AF74D00F057E4 /* Base */ = {isa = PBXFileReference; lastKnownFileType = file.storyboard; name = Base; path = Base.lproj/LaunchScreen.storyboard; sourceTree = "<group>"; };
		684937A21E5AF74D00F057E4 /* Info.plist */ = {isa = PBXFileReference; lastKnownFileType = text.plist.xml; path = Info.plist; sourceTree = "<group>"; };
		684937A71E5AF74D00F057E4 /* TXCollectionViewTests.xctest */ = {isa = PBXFileReference; explicitFileType = wrapper.cfbundle; includeInIndex = 0; path = TXCollectionViewTests.xctest; sourceTree = BUILT_PRODUCTS_DIR; };
		684937AB1E5AF74D00F057E4 /* TXCollectionViewTests.m */ = {isa = PBXFileReference; lastKnownFileType = sourcecode.c.objc; path = TXCollectionViewTests.m; sourceTree = "<group>"; };
		684937AD1E5AF74D00F057E4 /* Info.plist */ = {isa = PBXFileReference; lastKnownFileType = text.plist.xml; path = Info.plist; sourceTree = "<group>"; };
		684937B21E5AF74D00F057E4 /* TXCollectionViewUITests.xctest */ = {isa = PBXFileReference; explicitFileType = wrapper.cfbundle; includeInIndex = 0; path = TXCollectionViewUITests.xctest; sourceTree = BUILT_PRODUCTS_DIR; };
		684937B61E5AF74D00F057E4 /* TXCollectionViewUITests.m */ = {isa = PBXFileReference; lastKnownFileType = sourcecode.c.objc; path = TXCollectionViewUITests.m; sourceTree = "<group>"; };
		684937B81E5AF74D00F057E4 /* Info.plist */ = {isa = PBXFileReference; lastKnownFileType = text.plist.xml; path = Info.plist; sourceTree = "<group>"; };
		684937F11E5C174000F057E4 /* TXDataSource.h */ = {isa = PBXFileReference; fileEncoding = 4; lastKnownFileType = sourcecode.c.h; path = TXDataSource.h; sourceTree = "<group>"; };
		684937F21E5C174000F057E4 /* TXDataSource.m */ = {isa = PBXFileReference; fileEncoding = 4; lastKnownFileType = sourcecode.c.objc; path = TXDataSource.m; sourceTree = "<group>"; };
		684938111E5C1F1600F057E4 /* UIScrollView+DataSourceAdapter.h */ = {isa = PBXFileReference; fileEncoding = 4; lastKnownFileType = sourcecode.c.h; path = "UIScrollView+DataSourceAdapter.h"; sourceTree = "<group>"; };
		684938121E5C1F1600F057E4 /* UIScrollView+DataSourceAdapter.m */ = {isa = PBXFileReference; fileEncoding = 4; lastKnownFileType = sourcecode.c.objc; path = "UIScrollView+DataSourceAdapter.m"; sourceTree = "<group>"; };
		684938191E5C1F1600F057E4 /* TXDataSourceTypes.h */ = {isa = PBXFileReference; fileEncoding = 4; lastKnownFileType = sourcecode.c.h; path = TXDataSourceTypes.h; sourceTree = "<group>"; };
		6849381A1E5C1F1600F057E4 /* TXDataSourceTypes.m */ = {isa = PBXFileReference; fileEncoding = 4; lastKnownFileType = sourcecode.c.objc; path = TXDataSourceTypes.m; sourceTree = "<group>"; };
		684938261E5C209700F057E4 /* TXSingleLineCollectionView.h */ = {isa = PBXFileReference; fileEncoding = 4; lastKnownFileType = sourcecode.c.h; path = TXSingleLineCollectionView.h; sourceTree = "<group>"; };
		684938271E5C209700F057E4 /* TXSingleLineCollectionView.m */ = {isa = PBXFileReference; fileEncoding = 4; lastKnownFileType = sourcecode.c.objc; path = TXSingleLineCollectionView.m; sourceTree = "<group>"; };
		6849382E1E5C2B4D00F057E4 /* UICollectionView+Adapter.h */ = {isa = PBXFileReference; fileEncoding = 4; lastKnownFileType = sourcecode.c.h; path = "UICollectionView+Adapter.h"; sourceTree = "<group>"; };
		6849382F1E5C2B4D00F057E4 /* UICollectionView+Adapter.m */ = {isa = PBXFileReference; fileEncoding = 4; lastKnownFileType = sourcecode.c.objc; path = "UICollectionView+Adapter.m"; sourceTree = "<group>"; };
		68FFC6571E5FD8F4009705BB /* TXCollectionViewCell.h */ = {isa = PBXFileReference; fileEncoding = 4; lastKnownFileType = sourcecode.c.h; path = TXCollectionViewCell.h; sourceTree = "<group>"; };
		68FFC6581E5FD8F4009705BB /* TXCollectionViewCell.m */ = {isa = PBXFileReference; fileEncoding = 4; lastKnownFileType = sourcecode.c.objc; path = TXCollectionViewCell.m; sourceTree = "<group>"; };
		68FFC65B1E5FD8F4009705BB /* TXCollectionViewArrayDataSource.h */ = {isa = PBXFileReference; fileEncoding = 4; lastKnownFileType = sourcecode.c.h; path = TXCollectionViewArrayDataSource.h; sourceTree = "<group>"; };
		68FFC65C1E5FD8F4009705BB /* TXCollectionViewArrayDataSource.m */ = {isa = PBXFileReference; fileEncoding = 4; lastKnownFileType = sourcecode.c.objc; path = TXCollectionViewArrayDataSource.m; sourceTree = "<group>"; };
		68FFC6601E5FDA99009705BB /* TXDataSourceCellAdapterPOD+CollectionView.h */ = {isa = PBXFileReference; fileEncoding = 4; lastKnownFileType = sourcecode.c.h; path = "TXDataSourceCellAdapterPOD+CollectionView.h"; sourceTree = "<group>"; };
		68FFC6611E5FDA99009705BB /* TXDataSourceCellAdapterPOD+CollectionView.m */ = {isa = PBXFileReference; fileEncoding = 4; lastKnownFileType = sourcecode.c.objc; path = "TXDataSourceCellAdapterPOD+CollectionView.m"; sourceTree = "<group>"; };
		68FFC6651E5FDB0D009705BB /* TXDataSourceCellAdapterPOD+TableView.h */ = {isa = PBXFileReference; fileEncoding = 4; lastKnownFileType = sourcecode.c.h; path = "TXDataSourceCellAdapterPOD+TableView.h"; sourceTree = "<group>"; };
		68FFC6661E5FDB0D009705BB /* TXDataSourceCellAdapterPOD+TableView.m */ = {isa = PBXFileReference; fileEncoding = 4; lastKnownFileType = sourcecode.c.objc; path = "TXDataSourceCellAdapterPOD+TableView.m"; sourceTree = "<group>"; };
		68FFC66D1E5FE218009705BB /* TXArrayDataSource.h */ = {isa = PBXFileReference; fileEncoding = 4; lastKnownFileType = sourcecode.c.h; path = TXArrayDataSource.h; sourceTree = "<group>"; };
		68FFC66E1E5FE218009705BB /* TXArrayDataSource.m */ = {isa = PBXFileReference; fileEncoding = 4; lastKnownFileType = sourcecode.c.objc; path = TXArrayDataSource.m; sourceTree = "<group>"; };
		68FFC67A1E5FE29C009705BB /* TXDataSourceItem.h */ = {isa = PBXFileReference; fileEncoding = 4; lastKnownFileType = sourcecode.c.h; path = TXDataSourceItem.h; sourceTree = "<group>"; };
		68FFC67B1E5FE29C009705BB /* TXDataSourceItem.m */ = {isa = PBXFileReference; fileEncoding = 4; lastKnownFileType = sourcecode.c.objc; path = TXDataSourceItem.m; sourceTree = "<group>"; };
		68FFC67E1E5FE410009705BB /* TXDataSourceCellAdapter.h */ = {isa = PBXFileReference; fileEncoding = 4; lastKnownFileType = sourcecode.c.h; path = TXDataSourceCellAdapter.h; sourceTree = "<group>"; };
		68FFC67F1E5FE410009705BB /* TXDataSourceCellAdapter.m */ = {isa = PBXFileReference; fileEncoding = 4; lastKnownFileType = sourcecode.c.objc; path = TXDataSourceCellAdapter.m; sourceTree = "<group>"; };
/* End PBXFileReference section */

/* Begin PBXFrameworksBuildPhase section */
		6849378B1E5AF74D00F057E4 /* Frameworks */ = {
			isa = PBXFrameworksBuildPhase;
			buildActionMask = 2147483647;
			files = (
			);
			runOnlyForDeploymentPostprocessing = 0;
		};
		684937A41E5AF74D00F057E4 /* Frameworks */ = {
			isa = PBXFrameworksBuildPhase;
			buildActionMask = 2147483647;
			files = (
			);
			runOnlyForDeploymentPostprocessing = 0;
		};
		684937AF1E5AF74D00F057E4 /* Frameworks */ = {
			isa = PBXFrameworksBuildPhase;
			buildActionMask = 2147483647;
			files = (
			);
			runOnlyForDeploymentPostprocessing = 0;
		};
/* End PBXFrameworksBuildPhase section */

/* Begin PBXGroup section */
		684937851E5AF74D00F057E4 = {
			isa = PBXGroup;
			children = (
				684937C41E5AFB7B00F057E4 /* SourceCode */,
				684937901E5AF74D00F057E4 /* TXCollectionView */,
				684937AA1E5AF74D00F057E4 /* TXCollectionViewTests */,
				684937B51E5AF74D00F057E4 /* TXCollectionViewUITests */,
				6849378F1E5AF74D00F057E4 /* Products */,
			);
			sourceTree = "<group>";
		};
		6849378F1E5AF74D00F057E4 /* Products */ = {
			isa = PBXGroup;
			children = (
				6849378E1E5AF74D00F057E4 /* TXCollectionView.app */,
				684937A71E5AF74D00F057E4 /* TXCollectionViewTests.xctest */,
				684937B21E5AF74D00F057E4 /* TXCollectionViewUITests.xctest */,
			);
			name = Products;
			sourceTree = "<group>";
		};
		684937901E5AF74D00F057E4 /* TXCollectionView */ = {
			isa = PBXGroup;
			children = (
				684937941E5AF74D00F057E4 /* AppDelegate.h */,
				684937951E5AF74D00F057E4 /* AppDelegate.m */,
				684937971E5AF74D00F057E4 /* ViewController.h */,
				684937981E5AF74D00F057E4 /* ViewController.m */,
				6849379A1E5AF74D00F057E4 /* Main.storyboard */,
				6849379D1E5AF74D00F057E4 /* Assets.xcassets */,
				6849379F1E5AF74D00F057E4 /* LaunchScreen.storyboard */,
				684937A21E5AF74D00F057E4 /* Info.plist */,
				684937911E5AF74D00F057E4 /* Supporting Files */,
			);
			path = TXCollectionView;
			sourceTree = "<group>";
		};
		684937911E5AF74D00F057E4 /* Supporting Files */ = {
			isa = PBXGroup;
			children = (
				684937921E5AF74D00F057E4 /* main.m */,
			);
			name = "Supporting Files";
			sourceTree = "<group>";
		};
		684937AA1E5AF74D00F057E4 /* TXCollectionViewTests */ = {
			isa = PBXGroup;
			children = (
				684937AB1E5AF74D00F057E4 /* TXCollectionViewTests.m */,
				684937AD1E5AF74D00F057E4 /* Info.plist */,
			);
			path = TXCollectionViewTests;
			sourceTree = "<group>";
		};
		684937B51E5AF74D00F057E4 /* TXCollectionViewUITests */ = {
			isa = PBXGroup;
			children = (
				684937B61E5AF74D00F057E4 /* TXCollectionViewUITests.m */,
				684937B81E5AF74D00F057E4 /* Info.plist */,
			);
			path = TXCollectionViewUITests;
			sourceTree = "<group>";
		};
		684937C41E5AFB7B00F057E4 /* SourceCode */ = {
			isa = PBXGroup;
			children = (
				684937F01E5C16CC00F057E4 /* Export */,
				6849380F1E5C1F1600F057E4 /* Base */,
				684937D21E5C0CA000F057E4 /* CollectionView */,
				684937DC1E5C0CA000F057E4 /* TableView */,
			);
			path = SourceCode;
			sourceTree = "<group>";
		};
		684937D21E5C0CA000F057E4 /* CollectionView */ = {
			isa = PBXGroup;
			children = (
				68FFC6551E5FD8F4009705BB /* Default */,
				6849382D1E5C2B2400F057E4 /* Category */,
				6849380C1E5C1E2F00F057E4 /* View */,
			);
			path = CollectionView;
			sourceTree = "<group>";
		};
		684937DC1E5C0CA000F057E4 /* TableView */ = {
			isa = PBXGroup;
			children = (
				68FFC6631E5FDAED009705BB /* Default */,
			);
			path = TableView;
			sourceTree = "<group>";
		};
		684937F01E5C16CC00F057E4 /* Export */ = {
			isa = PBXGroup;
			children = (
				684937F11E5C174000F057E4 /* TXDataSource.h */,
				684937F21E5C174000F057E4 /* TXDataSource.m */,
			);
			path = Export;
			sourceTree = "<group>";
		};
		6849380C1E5C1E2F00F057E4 /* View */ = {
			isa = PBXGroup;
			children = (
				684938261E5C209700F057E4 /* TXSingleLineCollectionView.h */,
				684938271E5C209700F057E4 /* TXSingleLineCollectionView.m */,
			);
			path = View;
			sourceTree = "<group>";
		};
		6849380F1E5C1F1600F057E4 /* Base */ = {
			isa = PBXGroup;
			children = (
				684938181E5C1F1600F057E4 /* Types */,
				68FFC67D1E5FE410009705BB /* Cell */,
				684938101E5C1F1600F057E4 /* Category */,
				68FFC66A1E5FE0DE009705BB /* Default */,
			);
			path = Base;
			sourceTree = "<group>";
		};
		684938101E5C1F1600F057E4 /* Category */ = {
			isa = PBXGroup;
			children = (
				684938111E5C1F1600F057E4 /* UIScrollView+DataSourceAdapter.h */,
				684938121E5C1F1600F057E4 /* UIScrollView+DataSourceAdapter.m */,
			);
			path = Category;
			sourceTree = "<group>";
		};
		684938181E5C1F1600F057E4 /* Types */ = {
			isa = PBXGroup;
			children = (
				684938191E5C1F1600F057E4 /* TXDataSourceTypes.h */,
				6849381A1E5C1F1600F057E4 /* TXDataSourceTypes.m */,
			);
			path = Types;
			sourceTree = "<group>";
		};
		6849382D1E5C2B2400F057E4 /* Category */ = {
			isa = PBXGroup;
			children = (
				6849382E1E5C2B4D00F057E4 /* UICollectionView+Adapter.h */,
				6849382F1E5C2B4D00F057E4 /* UICollectionView+Adapter.m */,
			);
			path = Category;
			sourceTree = "<group>";
		};
		68FFC6551E5FD8F4009705BB /* Default */ = {
			isa = PBXGroup;
			children = (
				68FFC65F1E5FDA6B009705BB /* Model */,
				68FFC6561E5FD8F4009705BB /* Cell */,
				68FFC6591E5FD8F4009705BB /* DataSource */,
			);
			path = Default;
			sourceTree = "<group>";
		};
		68FFC6561E5FD8F4009705BB /* Cell */ = {
			isa = PBXGroup;
			children = (
				68FFC6571E5FD8F4009705BB /* TXCollectionViewCell.h */,
				68FFC6581E5FD8F4009705BB /* TXCollectionViewCell.m */,
			);
			path = Cell;
			sourceTree = "<group>";
		};
		68FFC6591E5FD8F4009705BB /* DataSource */ = {
			isa = PBXGroup;
			children = (
				68FFC65A1E5FD8F4009705BB /* Array */,
			);
			path = DataSource;
			sourceTree = "<group>";
		};
		68FFC65A1E5FD8F4009705BB /* Array */ = {
			isa = PBXGroup;
			children = (
				68FFC65B1E5FD8F4009705BB /* TXCollectionViewArrayDataSource.h */,
				68FFC65C1E5FD8F4009705BB /* TXCollectionViewArrayDataSource.m */,
			);
			path = Array;
			sourceTree = "<group>";
		};
		68FFC65F1E5FDA6B009705BB /* Model */ = {
			isa = PBXGroup;
			children = (
				68FFC6601E5FDA99009705BB /* TXDataSourceCellAdapterPOD+CollectionView.h */,
				68FFC6611E5FDA99009705BB /* TXDataSourceCellAdapterPOD+CollectionView.m */,
			);
			path = Model;
			sourceTree = "<group>";
		};
		68FFC6631E5FDAED009705BB /* Default */ = {
			isa = PBXGroup;
			children = (
				68FFC6641E5FDAED009705BB /* Model */,
			);
			path = Default;
			sourceTree = "<group>";
		};
		68FFC6641E5FDAED009705BB /* Model */ = {
			isa = PBXGroup;
			children = (
				68FFC6651E5FDB0D009705BB /* TXDataSourceCellAdapterPOD+TableView.h */,
				68FFC6661E5FDB0D009705BB /* TXDataSourceCellAdapterPOD+TableView.m */,
			);
			path = Model;
			sourceTree = "<group>";
		};
		68FFC66A1E5FE0DE009705BB /* Default */ = {
			isa = PBXGroup;
			children = (
				68FFC66B1E5FE218009705BB /* DataSource */,
				68FFC6751E5FE218009705BB /* Model */,
			);
			path = Default;
			sourceTree = "<group>";
		};
		68FFC66B1E5FE218009705BB /* DataSource */ = {
			isa = PBXGroup;
			children = (
				68FFC66C1E5FE218009705BB /* Array */,
			);
			path = DataSource;
			sourceTree = "<group>";
		};
		68FFC66C1E5FE218009705BB /* Array */ = {
			isa = PBXGroup;
			children = (
				68FFC66D1E5FE218009705BB /* TXArrayDataSource.h */,
				68FFC66E1E5FE218009705BB /* TXArrayDataSource.m */,
			);
			path = Array;
			sourceTree = "<group>";
		};
		68FFC6751E5FE218009705BB /* Model */ = {
			isa = PBXGroup;
			children = (
				68FFC67A1E5FE29C009705BB /* TXDataSourceItem.h */,
				68FFC67B1E5FE29C009705BB /* TXDataSourceItem.m */,
			);
			path = Model;
			sourceTree = "<group>";
		};
		68FFC67D1E5FE410009705BB /* Cell */ = {
			isa = PBXGroup;
			children = (
				68FFC67E1E5FE410009705BB /* TXDataSourceCellAdapter.h */,
				68FFC67F1E5FE410009705BB /* TXDataSourceCellAdapter.m */,
			);
			path = Cell;
			sourceTree = "<group>";
		};
/* End PBXGroup section */

/* Begin PBXNativeTarget section */
		6849378D1E5AF74D00F057E4 /* TXCollectionView */ = {
			isa = PBXNativeTarget;
			buildConfigurationList = 684937BB1E5AF74D00F057E4 /* Build configuration list for PBXNativeTarget "TXCollectionView" */;
			buildPhases = (
				6849378A1E5AF74D00F057E4 /* Sources */,
				6849378B1E5AF74D00F057E4 /* Frameworks */,
				6849378C1E5AF74D00F057E4 /* Resources */,
			);
			buildRules = (
			);
			dependencies = (
			);
			name = TXCollectionView;
			productName = TXCollectionView;
			productReference = 6849378E1E5AF74D00F057E4 /* TXCollectionView.app */;
			productType = "com.apple.product-type.application";
		};
		684937A61E5AF74D00F057E4 /* TXCollectionViewTests */ = {
			isa = PBXNativeTarget;
			buildConfigurationList = 684937BE1E5AF74D00F057E4 /* Build configuration list for PBXNativeTarget "TXCollectionViewTests" */;
			buildPhases = (
				684937A31E5AF74D00F057E4 /* Sources */,
				684937A41E5AF74D00F057E4 /* Frameworks */,
				684937A51E5AF74D00F057E4 /* Resources */,
			);
			buildRules = (
			);
			dependencies = (
				684937A91E5AF74D00F057E4 /* PBXTargetDependency */,
			);
			name = TXCollectionViewTests;
			productName = TXCollectionViewTests;
			productReference = 684937A71E5AF74D00F057E4 /* TXCollectionViewTests.xctest */;
			productType = "com.apple.product-type.bundle.unit-test";
		};
		684937B11E5AF74D00F057E4 /* TXCollectionViewUITests */ = {
			isa = PBXNativeTarget;
			buildConfigurationList = 684937C11E5AF74D00F057E4 /* Build configuration list for PBXNativeTarget "TXCollectionViewUITests" */;
			buildPhases = (
				684937AE1E5AF74D00F057E4 /* Sources */,
				684937AF1E5AF74D00F057E4 /* Frameworks */,
				684937B01E5AF74D00F057E4 /* Resources */,
			);
			buildRules = (
			);
			dependencies = (
				684937B41E5AF74D00F057E4 /* PBXTargetDependency */,
			);
			name = TXCollectionViewUITests;
			productName = TXCollectionViewUITests;
			productReference = 684937B21E5AF74D00F057E4 /* TXCollectionViewUITests.xctest */;
			productType = "com.apple.product-type.bundle.ui-testing";
		};
/* End PBXNativeTarget section */

/* Begin PBXProject section */
		684937861E5AF74D00F057E4 /* Project object */ = {
			isa = PBXProject;
			attributes = {
				LastUpgradeCheck = 0820;
				ORGANIZATIONNAME = tongxing;
				TargetAttributes = {
					6849378D1E5AF74D00F057E4 = {
						CreatedOnToolsVersion = 8.2;
						DevelopmentTeam = Y6X3ZEKKYZ;
						ProvisioningStyle = Automatic;
					};
					684937A61E5AF74D00F057E4 = {
						CreatedOnToolsVersion = 8.2;
						DevelopmentTeam = Y6X3ZEKKYZ;
						ProvisioningStyle = Automatic;
						TestTargetID = 6849378D1E5AF74D00F057E4;
					};
					684937B11E5AF74D00F057E4 = {
						CreatedOnToolsVersion = 8.2;
						DevelopmentTeam = Y6X3ZEKKYZ;
						ProvisioningStyle = Automatic;
						TestTargetID = 6849378D1E5AF74D00F057E4;
					};
				};
			};
			buildConfigurationList = 684937891E5AF74D00F057E4 /* Build configuration list for PBXProject "TXCollectionView" */;
			compatibilityVersion = "Xcode 3.2";
			developmentRegion = English;
			hasScannedForEncodings = 0;
			knownRegions = (
				en,
				Base,
			);
			mainGroup = 684937851E5AF74D00F057E4;
			productRefGroup = 6849378F1E5AF74D00F057E4 /* Products */;
			projectDirPath = "";
			projectRoot = "";
			targets = (
				6849378D1E5AF74D00F057E4 /* TXCollectionView */,
				684937A61E5AF74D00F057E4 /* TXCollectionViewTests */,
				684937B11E5AF74D00F057E4 /* TXCollectionViewUITests */,
			);
		};
/* End PBXProject section */

/* Begin PBXResourcesBuildPhase section */
		6849378C1E5AF74D00F057E4 /* Resources */ = {
			isa = PBXResourcesBuildPhase;
			buildActionMask = 2147483647;
			files = (
				684937A11E5AF74D00F057E4 /* LaunchScreen.storyboard in Resources */,
				6849379E1E5AF74D00F057E4 /* Assets.xcassets in Resources */,
				6849379C1E5AF74D00F057E4 /* Main.storyboard in Resources */,
			);
			runOnlyForDeploymentPostprocessing = 0;
		};
		684937A51E5AF74D00F057E4 /* Resources */ = {
			isa = PBXResourcesBuildPhase;
			buildActionMask = 2147483647;
			files = (
			);
			runOnlyForDeploymentPostprocessing = 0;
		};
		684937B01E5AF74D00F057E4 /* Resources */ = {
			isa = PBXResourcesBuildPhase;
			buildActionMask = 2147483647;
			files = (
			);
			runOnlyForDeploymentPostprocessing = 0;
		};
/* End PBXResourcesBuildPhase section */

/* Begin PBXSourcesBuildPhase section */
		6849378A1E5AF74D00F057E4 /* Sources */ = {
			isa = PBXSourcesBuildPhase;
			buildActionMask = 2147483647;
			files = (
				68FFC65D1E5FD8F4009705BB /* TXCollectionViewCell.m in Sources */,
				684937991E5AF74D00F057E4 /* ViewController.m in Sources */,
				68FFC6801E5FE410009705BB /* TXDataSourceCellAdapter.m in Sources */,
				68FFC65E1E5FD8F4009705BB /* TXCollectionViewArrayDataSource.m in Sources */,
				6849381E1E5C1F1600F057E4 /* TXDataSourceTypes.m in Sources */,
				684937961E5AF74D00F057E4 /* AppDelegate.m in Sources */,
				68FFC6621E5FDA99009705BB /* TXDataSourceCellAdapterPOD+CollectionView.m in Sources */,
				684937F31E5C174000F057E4 /* TXDataSource.m in Sources */,
				684938281E5C209700F057E4 /* TXSingleLineCollectionView.m in Sources */,
				68FFC67C1E5FE29C009705BB /* TXDataSourceItem.m in Sources */,
				68FFC6761E5FE218009705BB /* TXArrayDataSource.m in Sources */,
				68FFC6671E5FDB0D009705BB /* TXDataSourceCellAdapterPOD+TableView.m in Sources */,
				684937931E5AF74D00F057E4 /* main.m in Sources */,
				6849381B1E5C1F1600F057E4 /* UIScrollView+DataSourceAdapter.m in Sources */,
				684938301E5C2B4D00F057E4 /* UICollectionView+Adapter.m in Sources */,
			);
			runOnlyForDeploymentPostprocessing = 0;
		};
		684937A31E5AF74D00F057E4 /* Sources */ = {
			isa = PBXSourcesBuildPhase;
			buildActionMask = 2147483647;
			files = (
				684937AC1E5AF74D00F057E4 /* TXCollectionViewTests.m in Sources */,
			);
			runOnlyForDeploymentPostprocessing = 0;
		};
		684937AE1E5AF74D00F057E4 /* Sources */ = {
			isa = PBXSourcesBuildPhase;
			buildActionMask = 2147483647;
			files = (
				684937B71E5AF74D00F057E4 /* TXCollectionViewUITests.m in Sources */,
			);
			runOnlyForDeploymentPostprocessing = 0;
		};
/* End PBXSourcesBuildPhase section */

/* Begin PBXTargetDependency section */
		684937A91E5AF74D00F057E4 /* PBXTargetDependency */ = {
			isa = PBXTargetDependency;
			target = 6849378D1E5AF74D00F057E4 /* TXCollectionView */;
			targetProxy = 684937A81E5AF74D00F057E4 /* PBXContainerItemProxy */;
		};
		684937B41E5AF74D00F057E4 /* PBXTargetDependency */ = {
			isa = PBXTargetDependency;
			target = 6849378D1E5AF74D00F057E4 /* TXCollectionView */;
			targetProxy = 684937B31E5AF74D00F057E4 /* PBXContainerItemProxy */;
		};
/* End PBXTargetDependency section */

/* Begin PBXVariantGroup section */
		6849379A1E5AF74D00F057E4 /* Main.storyboard */ = {
			isa = PBXVariantGroup;
			children = (
				6849379B1E5AF74D00F057E4 /* Base */,
			);
			name = Main.storyboard;
			sourceTree = "<group>";
		};
		6849379F1E5AF74D00F057E4 /* LaunchScreen.storyboard */ = {
			isa = PBXVariantGroup;
			children = (
				684937A01E5AF74D00F057E4 /* Base */,
			);
			name = LaunchScreen.storyboard;
			sourceTree = "<group>";
		};
/* End PBXVariantGroup section */

/* Begin XCBuildConfiguration section */
		684937B91E5AF74D00F057E4 /* Debug */ = {
			isa = XCBuildConfiguration;
			buildSettings = {
				ALWAYS_SEARCH_USER_PATHS = NO;
				CLANG_ANALYZER_NONNULL = YES;
				CLANG_CXX_LANGUAGE_STANDARD = "gnu++0x";
				CLANG_CXX_LIBRARY = "libc++";
				CLANG_ENABLE_MODULES = YES;
				CLANG_ENABLE_OBJC_ARC = YES;
				CLANG_WARN_BOOL_CONVERSION = YES;
				CLANG_WARN_CONSTANT_CONVERSION = YES;
				CLANG_WARN_DIRECT_OBJC_ISA_USAGE = YES_ERROR;
				CLANG_WARN_DOCUMENTATION_COMMENTS = YES;
				CLANG_WARN_EMPTY_BODY = YES;
				CLANG_WARN_ENUM_CONVERSION = YES;
				CLANG_WARN_INFINITE_RECURSION = YES;
				CLANG_WARN_INT_CONVERSION = YES;
				CLANG_WARN_OBJC_ROOT_CLASS = YES_ERROR;
				CLANG_WARN_SUSPICIOUS_MOVE = YES;
				CLANG_WARN_UNREACHABLE_CODE = YES;
				CLANG_WARN__DUPLICATE_METHOD_MATCH = YES;
				"CODE_SIGN_IDENTITY[sdk=iphoneos*]" = "iPhone Developer";
				COPY_PHASE_STRIP = NO;
				DEBUG_INFORMATION_FORMAT = dwarf;
				ENABLE_STRICT_OBJC_MSGSEND = YES;
				ENABLE_TESTABILITY = YES;
				GCC_C_LANGUAGE_STANDARD = gnu99;
				GCC_DYNAMIC_NO_PIC = NO;
				GCC_NO_COMMON_BLOCKS = YES;
				GCC_OPTIMIZATION_LEVEL = 0;
				GCC_PREPROCESSOR_DEFINITIONS = (
					"DEBUG=1",
					"$(inherited)",
				);
				GCC_WARN_64_TO_32_BIT_CONVERSION = YES;
				GCC_WARN_ABOUT_RETURN_TYPE = YES_ERROR;
				GCC_WARN_UNDECLARED_SELECTOR = YES;
				GCC_WARN_UNINITIALIZED_AUTOS = YES_AGGRESSIVE;
				GCC_WARN_UNUSED_FUNCTION = YES;
				GCC_WARN_UNUSED_VARIABLE = YES;
				IPHONEOS_DEPLOYMENT_TARGET = 10.2;
				MTL_ENABLE_DEBUG_INFO = YES;
				ONLY_ACTIVE_ARCH = YES;
				SDKROOT = iphoneos;
				TARGETED_DEVICE_FAMILY = "1,2";
			};
			name = Debug;
		};
		684937BA1E5AF74D00F057E4 /* Release */ = {
			isa = XCBuildConfiguration;
			buildSettings = {
				ALWAYS_SEARCH_USER_PATHS = NO;
				CLANG_ANALYZER_NONNULL = YES;
				CLANG_CXX_LANGUAGE_STANDARD = "gnu++0x";
				CLANG_CXX_LIBRARY = "libc++";
				CLANG_ENABLE_MODULES = YES;
				CLANG_ENABLE_OBJC_ARC = YES;
				CLANG_WARN_BOOL_CONVERSION = YES;
				CLANG_WARN_CONSTANT_CONVERSION = YES;
				CLANG_WARN_DIRECT_OBJC_ISA_USAGE = YES_ERROR;
				CLANG_WARN_DOCUMENTATION_COMMENTS = YES;
				CLANG_WARN_EMPTY_BODY = YES;
				CLANG_WARN_ENUM_CONVERSION = YES;
				CLANG_WARN_INFINITE_RECURSION = YES;
				CLANG_WARN_INT_CONVERSION = YES;
				CLANG_WARN_OBJC_ROOT_CLASS = YES_ERROR;
				CLANG_WARN_SUSPICIOUS_MOVE = YES;
				CLANG_WARN_UNREACHABLE_CODE = YES;
				CLANG_WARN__DUPLICATE_METHOD_MATCH = YES;
				"CODE_SIGN_IDENTITY[sdk=iphoneos*]" = "iPhone Developer";
				COPY_PHASE_STRIP = NO;
				DEBUG_INFORMATION_FORMAT = "dwarf-with-dsym";
				ENABLE_NS_ASSERTIONS = NO;
				ENABLE_STRICT_OBJC_MSGSEND = YES;
				GCC_C_LANGUAGE_STANDARD = gnu99;
				GCC_NO_COMMON_BLOCKS = YES;
				GCC_WARN_64_TO_32_BIT_CONVERSION = YES;
				GCC_WARN_ABOUT_RETURN_TYPE = YES_ERROR;
				GCC_WARN_UNDECLARED_SELECTOR = YES;
				GCC_WARN_UNINITIALIZED_AUTOS = YES_AGGRESSIVE;
				GCC_WARN_UNUSED_FUNCTION = YES;
				GCC_WARN_UNUSED_VARIABLE = YES;
				IPHONEOS_DEPLOYMENT_TARGET = 10.2;
				MTL_ENABLE_DEBUG_INFO = NO;
				SDKROOT = iphoneos;
				TARGETED_DEVICE_FAMILY = "1,2";
				VALIDATE_PRODUCT = YES;
			};
			name = Release;
		};
		684937BC1E5AF74D00F057E4 /* Debug */ = {
			isa = XCBuildConfiguration;
			buildSettings = {
				ASSETCATALOG_COMPILER_APPICON_NAME = AppIcon;
				DEVELOPMENT_TEAM = Y6X3ZEKKYZ;
				INFOPLIST_FILE = TXCollectionView/Info.plist;
				LD_RUNPATH_SEARCH_PATHS = "$(inherited) @executable_path/Frameworks";
				PRODUCT_BUNDLE_IDENTIFIER = com.camera360.TXCollectionView;
				PRODUCT_NAME = "$(TARGET_NAME)";
			};
			name = Debug;
		};
		684937BD1E5AF74D00F057E4 /* Release */ = {
			isa = XCBuildConfiguration;
			buildSettings = {
				ASSETCATALOG_COMPILER_APPICON_NAME = AppIcon;
				DEVELOPMENT_TEAM = Y6X3ZEKKYZ;
				INFOPLIST_FILE = TXCollectionView/Info.plist;
				LD_RUNPATH_SEARCH_PATHS = "$(inherited) @executable_path/Frameworks";
				PRODUCT_BUNDLE_IDENTIFIER = com.camera360.TXCollectionView;
				PRODUCT_NAME = "$(TARGET_NAME)";
			};
			name = Release;
		};
		684937BF1E5AF74D00F057E4 /* Debug */ = {
			isa = XCBuildConfiguration;
			buildSettings = {
				BUNDLE_LOADER = "$(TEST_HOST)";
				DEVELOPMENT_TEAM = Y6X3ZEKKYZ;
				INFOPLIST_FILE = TXCollectionViewTests/Info.plist;
				LD_RUNPATH_SEARCH_PATHS = "$(inherited) @executable_path/Frameworks @loader_path/Frameworks";
				PRODUCT_BUNDLE_IDENTIFIER = com.camera360.TXCollectionViewTests;
				PRODUCT_NAME = "$(TARGET_NAME)";
				TEST_HOST = "$(BUILT_PRODUCTS_DIR)/TXCollectionView.app/TXCollectionView";
			};
			name = Debug;
		};
		684937C01E5AF74D00F057E4 /* Release */ = {
			isa = XCBuildConfiguration;
			buildSettings = {
				BUNDLE_LOADER = "$(TEST_HOST)";
				DEVELOPMENT_TEAM = Y6X3ZEKKYZ;
				INFOPLIST_FILE = TXCollectionViewTests/Info.plist;
				LD_RUNPATH_SEARCH_PATHS = "$(inherited) @executable_path/Frameworks @loader_path/Frameworks";
				PRODUCT_BUNDLE_IDENTIFIER = com.camera360.TXCollectionViewTests;
				PRODUCT_NAME = "$(TARGET_NAME)";
				TEST_HOST = "$(BUILT_PRODUCTS_DIR)/TXCollectionView.app/TXCollectionView";
			};
			name = Release;
		};
		684937C21E5AF74D00F057E4 /* Debug */ = {
			isa = XCBuildConfiguration;
			buildSettings = {
				DEVELOPMENT_TEAM = Y6X3ZEKKYZ;
				INFOPLIST_FILE = TXCollectionViewUITests/Info.plist;
				LD_RUNPATH_SEARCH_PATHS = "$(inherited) @executable_path/Frameworks @loader_path/Frameworks";
				PRODUCT_BUNDLE_IDENTIFIER = com.camera360.TXCollectionViewUITests;
				PRODUCT_NAME = "$(TARGET_NAME)";
				TEST_TARGET_NAME = TXCollectionView;
			};
			name = Debug;
		};
		684937C31E5AF74D00F057E4 /* Release */ = {
			isa = XCBuildConfiguration;
			buildSettings = {
				DEVELOPMENT_TEAM = Y6X3ZEKKYZ;
				INFOPLIST_FILE = TXCollectionViewUITests/Info.plist;
				LD_RUNPATH_SEARCH_PATHS = "$(inherited) @executable_path/Frameworks @loader_path/Frameworks";
				PRODUCT_BUNDLE_IDENTIFIER = com.camera360.TXCollectionViewUITests;
				PRODUCT_NAME = "$(TARGET_NAME)";
				TEST_TARGET_NAME = TXCollectionView;
			};
			name = Release;
		};
/* End XCBuildConfiguration section */

/* Begin XCConfigurationList section */
		684937891E5AF74D00F057E4 /* Build configuration list for PBXProject "TXCollectionView" */ = {
			isa = XCConfigurationList;
			buildConfigurations = (
				684937B91E5AF74D00F057E4 /* Debug */,
				684937BA1E5AF74D00F057E4 /* Release */,
			);
			defaultConfigurationIsVisible = 0;
			defaultConfigurationName = Release;
		};
		684937BB1E5AF74D00F057E4 /* Build configuration list for PBXNativeTarget "TXCollectionView" */ = {
			isa = XCConfigurationList;
			buildConfigurations = (
				684937BC1E5AF74D00F057E4 /* Debug */,
				684937BD1E5AF74D00F057E4 /* Release */,
			);
			defaultConfigurationIsVisible = 0;
			defaultConfigurationName = Release;
		};
		684937BE1E5AF74D00F057E4 /* Build configuration list for PBXNativeTarget "TXCollectionViewTests" */ = {
			isa = XCConfigurationList;
			buildConfigurations = (
				684937BF1E5AF74D00F057E4 /* Debug */,
				684937C01E5AF74D00F057E4 /* Release */,
			);
			defaultConfigurationIsVisible = 0;
			defaultConfigurationName = Release;
		};
		684937C11E5AF74D00F057E4 /* Build configuration list for PBXNativeTarget "TXCollectionViewUITests" */ = {
			isa = XCConfigurationList;
			buildConfigurations = (
				684937C21E5AF74D00F057E4 /* Debug */,
				684937C31E5AF74D00F057E4 /* Release */,
			);
			defaultConfigurationIsVisible = 0;
			defaultConfigurationName = Release;
		};
/* End XCConfigurationList section */
	};
	rootObject = 684937861E5AF74D00F057E4 /* Project object */;
}
